
Microsoft Visual Studio Solution File, Format Version 12.00
# Visual Studio Version 17
VisualStudioVersion = 17.0.31903.59
MinimumVisualStudioVersion = 10.0.40219.1
Project("{2150E333-8FDC-42A3-9474-1A3956D46DE8}") = "src", "src", "{827E0CD3-B72D-47B6-A68D-7590B98EB39B}"
EndProject
Project("{FAE04EC0-301F-11D3-BF4B-00C04F79EFBC}") = "EmbodySense.Cli", "src\EmbodySense.Cli\EmbodySense.Cli.csproj", "{D7525A36-591C-40ED-BD47-03E3F4941A15}"
EndProject
Project("{FAE04EC0-301F-11D3-BF4B-00C04F79EFBC}") = "EmbodySense.Core.Common", "src\EmbodySense.Core.Common\EmbodySense.Core.Common.csproj", "{DD803B62-B349-4441-8C20-F1BB864BB1C8}"
EndProject
Project("{FAE04EC0-301F-11D3-BF4B-00C04F79EFBC}") = "EmbodySense.Core.Application", "src\EmbodySense.Core.Application\EmbodySense.Core.Application.csproj", "{0F0B1F49-C211-4225-B00F-009802C58985}"
EndProject
Project("{FAE04EC0-301F-11D3-BF4B-00C04F79EFBC}") = "EmbodySense.Core.Clients", "src\EmbodySense.Core.Clients\EmbodySense.Core.Clients.csproj", "{9972AF40-8FEE-442F-B6D9-F37FFDA12D86}"
EndProject
Project("{FAE04EC0-301F-11D3-BF4B-00C04F79EFBC}") = "EmbodySense.Core.Persistence", "src\EmbodySense.Core.Persistence\EmbodySense.Core.Persistence.csproj", "{B2F2CCC2-F4E8-42D9-8E92-E66A95956CDC}"
EndProject
Project("{FAE04EC0-301F-11D3-BF4B-00C04F79EFBC}") = "EmbodySense.Core.Startup", "src\EmbodySense.Core.Startup\EmbodySense.Core.Startup.csproj", "{27A0BE82-39AF-4E2D-BFD9-AE652F392878}"
EndProject
Project("{FAE04EC0-301F-11D3-BF4B-00C04F79EFBC}") = "EmbodySense.Cli.Common", "src\EmbodySense.Cli.Common\EmbodySense.Cli.Common.csproj", "{34980985-962A-41CE-836A-FC66DDE33D72}"
EndProject
Project("{FAE04EC0-301F-11D3-BF4B-00C04F79EFBC}") = "EmbodySense.Cli.Harness", "src\EmbodySense.Cli.Harness\EmbodySense.Cli.Harness.csproj", "{92050292-06AC-4798-8A70-F16F39400582}"
EndProject
Project("{FAE04EC0-301F-11D3-BF4B-00C04F79EFBC}") = "EmbodySense.Cli.Command", "src\EmbodySense.Cli.Command\EmbodySense.Cli.Command.csproj", "{90429B12-0B16-404B-8B7F-E45719BCDC41}"
EndProject
Project("{2150E333-8FDC-42A3-9474-1A3956D46DE8}") = "tests", "tests", "{0AB3BF05-4346-4AA6-1389-037BE0695223}"
EndProject
Project("{FAE04EC0-301F-11D3-BF4B-00C04F79EFBC}") = "EmbodySense.Tests.Support", "tests\EmbodySense.Tests.Support\EmbodySense.Tests.Support.csproj", "{B4CE6055-7E97-4FCA-B638-C556365E786E}"
EndProject
Project("{FAE04EC0-301F-11D3-BF4B-00C04F79EFBC}") = "EmbodySense.Core.Common.Tests", "tests\EmbodySense.Core.Common.Tests\EmbodySense.Core.Common.Tests.csproj", "{93F991B5-8243-4350-8F27-9CA3EC12E7FC}"
EndProject
Project("{FAE04EC0-301F-11D3-BF4B-00C04F79EFBC}") = "EmbodySense.Core.Application.Tests", "tests\EmbodySense.Core.Application.Tests\EmbodySense.Core.Application.Tests.csproj", "{6F439232-8535-4105-9396-41C9F23FFEF4}"
EndProject
Project("{FAE04EC0-301F-11D3-BF4B-00C04F79EFBC}") = "EmbodySense.Core.Clients.Tests", "tests\EmbodySense.Core.Clients.Tests\EmbodySense.Core.Clients.Tests.csproj", "{51411399-1EAF-4D80-9E9D-0DEE2C0FEA7F}"
EndProject
Project("{FAE04EC0-301F-11D3-BF4B-00C04F79EFBC}") = "EmbodySense.Core.Persistence.Tests", "tests\EmbodySense.Core.Persistence.Tests\EmbodySense.Core.Persistence.Tests.csproj", "{0768C6FB-AD0C-4F96-B107-533AFE8380F3}"
EndProject
Project("{FAE04EC0-301F-11D3-BF4B-00C04F79EFBC}") = "EmbodySense.Core.Startup.Tests", "tests\EmbodySense.Core.Startup.Tests\EmbodySense.Core.Startup.Tests.csproj", "{DE4D4156-5E84-4D66-A92B-5224A1E28F16}"
EndProject
Project("{FAE04EC0-301F-11D3-BF4B-00C04F79EFBC}") = "EmbodySense.Cli.Command.Tests", "tests\EmbodySense.Cli.Command.Tests\EmbodySense.Cli.Command.Tests.csproj", "{AAA9B5D9-6332-4A8B-AB17-9150807EC284}"
EndProject
Project("{FAE04EC0-301F-11D3-BF4B-00C04F79EFBC}") = "EmbodySense.Cli.Harness.Tests", "tests\EmbodySense.Cli.Harness.Tests\EmbodySense.Cli.Harness.Tests.csproj", "{30793326-00F1-441D-9C4D-14AB72023744}"
EndProject
Project("{FAE04EC0-301F-11D3-BF4B-00C04F79EFBC}") = "EmbodySense.IntegrationTests", "tests\EmbodySense.IntegrationTests\EmbodySense.IntegrationTests.csproj", "{EAC72D77-8D50-4E4D-90FF-BE2C8BED5FD6}"
EndProject
Global
	GlobalSection(SolutionConfigurationPlatforms) = preSolution
		Debug|Any CPU = Debug|Any CPU
		Debug|x64 = Debug|x64
		Debug|x86 = Debug|x86
		Release|Any CPU = Release|Any CPU
		Release|x64 = Release|x64
		Release|x86 = Release|x86
	EndGlobalSection
	GlobalSection(ProjectConfigurationPlatforms) = postSolution
		{D7525A36-591C-40ED-BD47-03E3F4941A15}.Debug|Any CPU.ActiveCfg = Debug|Any CPU
		{D7525A36-591C-40ED-BD47-03E3F4941A15}.Debug|Any CPU.Build.0 = Debug|Any CPU
		{D7525A36-591C-40ED-BD47-03E3F4941A15}.Debug|x64.ActiveCfg = Debug|Any CPU
		{D7525A36-591C-40ED-BD47-03E3F4941A15}.Debug|x64.Build.0 = Debug|Any CPU
		{D7525A36-591C-40ED-BD47-03E3F4941A15}.Debug|x86.ActiveCfg = Debug|Any CPU
		{D7525A36-591C-40ED-BD47-03E3F4941A15}.Debug|x86.Build.0 = Debug|Any CPU
		{D7525A36-591C-40ED-BD47-03E3F4941A15}.Release|Any CPU.ActiveCfg = Release|Any CPU
		{D7525A36-591C-40ED-BD47-03E3F4941A15}.Release|Any CPU.Build.0 = Release|Any CPU
		{D7525A36-591C-40ED-BD47-03E3F4941A15}.Release|x64.ActiveCfg = Release|Any CPU
		{D7525A36-591C-40ED-BD47-03E3F4941A15}.Release|x64.Build.0 = Release|Any CPU
		{D7525A36-591C-40ED-BD47-03E3F4941A15}.Release|x86.ActiveCfg = Release|Any CPU
		{D7525A36-591C-40ED-BD47-03E3F4941A15}.Release|x86.Build.0 = Release|Any CPU
		{DD803B62-B349-4441-8C20-F1BB864BB1C8}.Debug|Any CPU.ActiveCfg = Debug|Any CPU
		{DD803B62-B349-4441-8C20-F1BB864BB1C8}.Debug|Any CPU.Build.0 = Debug|Any CPU
		{DD803B62-B349-4441-8C20-F1BB864BB1C8}.Debug|x64.ActiveCfg = Debug|Any CPU
		{DD803B62-B349-4441-8C20-F1BB864BB1C8}.Debug|x64.Build.0 = Debug|Any CPU
		{DD803B62-B349-4441-8C20-F1BB864BB1C8}.Debug|x86.ActiveCfg = Debug|Any CPU
		{DD803B62-B349-4441-8C20-F1BB864BB1C8}.Debug|x86.Build.0 = Debug|Any CPU
		{DD803B62-B349-4441-8C20-F1BB864BB1C8}.Release|Any CPU.ActiveCfg = Release|Any CPU
		{DD803B62-B349-4441-8C20-F1BB864BB1C8}.Release|Any CPU.Build.0 = Release|Any CPU
		{DD803B62-B349-4441-8C20-F1BB864BB1C8}.Release|x64.ActiveCfg = Release|Any CPU
		{DD803B62-B349-4441-8C20-F1BB864BB1C8}.Release|x64.Build.0 = Release|Any CPU
		{DD803B62-B349-4441-8C20-F1BB864BB1C8}.Release|x86.ActiveCfg = Release|Any CPU
		{DD803B62-B349-4441-8C20-F1BB864BB1C8}.Release|x86.Build.0 = Release|Any CPU
		{0F0B1F49-C211-4225-B00F-009802C58985}.Debug|Any CPU.ActiveCfg = Debug|Any CPU
		{0F0B1F49-C211-4225-B00F-009802C58985}.Debug|Any CPU.Build.0 = Debug|Any CPU
		{0F0B1F49-C211-4225-B00F-009802C58985}.Debug|x64.ActiveCfg = Debug|Any CPU
		{0F0B1F49-C211-4225-B00F-009802C58985}.Debug|x64.Build.0 = Debug|Any CPU
		{0F0B1F49-C211-4225-B00F-009802C58985}.Debug|x86.ActiveCfg = Debug|Any CPU
		{0F0B1F49-C211-4225-B00F-009802C58985}.Debug|x86.Build.0 = Debug|Any CPU
		{0F0B1F49-C211-4225-B00F-009802C58985}.Release|Any CPU.ActiveCfg = Release|Any CPU
		{0F0B1F49-C211-4225-B00F-009802C58985}.Release|Any CPU.Build.0 = Release|Any CPU
		{0F0B1F49-C211-4225-B00F-009802C58985}.Release|x64.ActiveCfg = Release|Any CPU
		{0F0B1F49-C211-4225-B00F-009802C58985}.Release|x64.Build.0 = Release|Any CPU
		{0F0B1F49-C211-4225-B00F-009802C58985}.Release|x86.ActiveCfg = Release|Any CPU
		{0F0B1F49-C211-4225-B00F-009802C58985}.Release|x86.Build.0 = Release|Any CPU
		{9972AF40-8FEE-442F-B6D9-F37FFDA12D86}.Debug|Any CPU.ActiveCfg = Debug|Any CPU
		{9972AF40-8FEE-442F-B6D9-F37FFDA12D86}.Debug|Any CPU.Build.0 = Debug|Any CPU
		{9972AF40-8FEE-442F-B6D9-F37FFDA12D86}.Debug|x64.ActiveCfg = Debug|Any CPU
		{9972AF40-8FEE-442F-B6D9-F37FFDA12D86}.Debug|x64.Build.0 = Debug|Any CPU
		{9972AF40-8FEE-442F-B6D9-F37FFDA12D86}.Debug|x86.ActiveCfg = Debug|Any CPU
		{9972AF40-8FEE-442F-B6D9-F37FFDA12D86}.Debug|x86.Build.0 = Debug|Any CPU
		{9972AF40-8FEE-442F-B6D9-F37FFDA12D86}.Release|Any CPU.ActiveCfg = Release|Any CPU
		{9972AF40-8FEE-442F-B6D9-F37FFDA12D86}.Release|Any CPU.Build.0 = Release|Any CPU
		{9972AF40-8FEE-442F-B6D9-F37FFDA12D86}.Release|x64.ActiveCfg = Release|Any CPU
		{9972AF40-8FEE-442F-B6D9-F37FFDA12D86}.Release|x64.Build.0 = Release|Any CPU
		{9972AF40-8FEE-442F-B6D9-F37FFDA12D86}.Release|x86.ActiveCfg = Release|Any CPU
		{9972AF40-8FEE-442F-B6D9-F37FFDA12D86}.Release|x86.Build.0 = Release|Any CPU
		{B2F2CCC2-F4E8-42D9-8E92-E66A95956CDC}.Debug|Any CPU.ActiveCfg = Debug|Any CPU
		{B2F2CCC2-F4E8-42D9-8E92-E66A95956CDC}.Debug|Any CPU.Build.0 = Debug|Any CPU
		{B2F2CCC2-F4E8-42D9-8E92-E66A95956CDC}.Debug|x64.ActiveCfg = Debug|Any CPU
		{B2F2CCC2-F4E8-42D9-8E92-E66A95956CDC}.Debug|x64.Build.0 = Debug|Any CPU
		{B2F2CCC2-F4E8-42D9-8E92-E66A95956CDC}.Debug|x86.ActiveCfg = Debug|Any CPU
		{B2F2CCC2-F4E8-42D9-8E92-E66A95956CDC}.Debug|x86.Build.0 = Debug|Any CPU
		{B2F2CCC2-F4E8-42D9-8E92-E66A95956CDC}.Release|Any CPU.ActiveCfg = Release|Any CPU
		{B2F2CCC2-F4E8-42D9-8E92-E66A95956CDC}.Release|Any CPU.Build.0 = Release|Any CPU
		{B2F2CCC2-F4E8-42D9-8E92-E66A95956CDC}.Release|x64.ActiveCfg = Release|Any CPU
		{B2F2CCC2-F4E8-42D9-8E92-E66A95956CDC}.Release|x64.Build.0 = Release|Any CPU
		{B2F2CCC2-F4E8-42D9-8E92-E66A95956CDC}.Release|x86.ActiveCfg = Release|Any CPU
		{B2F2CCC2-F4E8-42D9-8E92-E66A95956CDC}.Release|x86.Build.0 = Release|Any CPU
		{27A0BE82-39AF-4E2D-BFD9-AE652F392878}.Debug|Any CPU.ActiveCfg = Debug|Any CPU
		{27A0BE82-39AF-4E2D-BFD9-AE652F392878}.Debug|Any CPU.Build.0 = Debug|Any CPU
		{27A0BE82-39AF-4E2D-BFD9-AE652F392878}.Debug|x64.ActiveCfg = Debug|Any CPU
		{27A0BE82-39AF-4E2D-BFD9-AE652F392878}.Debug|x64.Build.0 = Debug|Any CPU
		{27A0BE82-39AF-4E2D-BFD9-AE652F392878}.Debug|x86.ActiveCfg = Debug|Any CPU
		{27A0BE82-39AF-4E2D-BFD9-AE652F392878}.Debug|x86.Build.0 = Debug|Any CPU
		{27A0BE82-39AF-4E2D-BFD9-AE652F392878}.Release|Any CPU.ActiveCfg = Release|Any CPU
		{27A0BE82-39AF-4E2D-BFD9-AE652F392878}.Release|Any CPU.Build.0 = Release|Any CPU
		{27A0BE82-39AF-4E2D-BFD9-AE652F392878}.Release|x64.ActiveCfg = Release|Any CPU
		{27A0BE82-39AF-4E2D-BFD9-AE652F392878}.Release|x64.Build.0 = Release|Any CPU
		{27A0BE82-39AF-4E2D-BFD9-AE652F392878}.Release|x86.ActiveCfg = Release|Any CPU
		{27A0BE82-39AF-4E2D-BFD9-AE652F392878}.Release|x86.Build.0 = Release|Any CPU
		{34980985-962A-41CE-836A-FC66DDE33D72}.Debug|Any CPU.ActiveCfg = Debug|Any CPU
		{34980985-962A-41CE-836A-FC66DDE33D72}.Debug|Any CPU.Build.0 = Debug|Any CPU
		{34980985-962A-41CE-836A-FC66DDE33D72}.Debug|x64.ActiveCfg = Debug|Any CPU
		{34980985-962A-41CE-836A-FC66DDE33D72}.Debug|x64.Build.0 = Debug|Any CPU
		{34980985-962A-41CE-836A-FC66DDE33D72}.Debug|x86.ActiveCfg = Debug|Any CPU
		{34980985-962A-41CE-836A-FC66DDE33D72}.Debug|x86.Build.0 = Debug|Any CPU
		{34980985-962A-41CE-836A-FC66DDE33D72}.Release|Any CPU.ActiveCfg = Release|Any CPU
		{34980985-962A-41CE-836A-FC66DDE33D72}.Release|Any CPU.Build.0 = Release|Any CPU
		{34980985-962A-41CE-836A-FC66DDE33D72}.Release|x64.ActiveCfg = Release|Any CPU
		{34980985-962A-41CE-836A-FC66DDE33D72}.Release|x64.Build.0 = Release|Any CPU
		{34980985-962A-41CE-836A-FC66DDE33D72}.Release|x86.ActiveCfg = Release|Any CPU
		{34980985-962A-41CE-836A-FC66DDE33D72}.Release|x86.Build.0 = Release|Any CPU
		{92050292-06AC-4798-8A70-F16F39400582}.Debug|Any CPU.ActiveCfg = Debug|Any CPU
		{92050292-06AC-4798-8A70-F16F39400582}.Debug|Any CPU.Build.0 = Debug|Any CPU
		{92050292-06AC-4798-8A70-F16F39400582}.Debug|x64.ActiveCfg = Debug|Any CPU
		{92050292-06AC-4798-8A70-F16F39400582}.Debug|x64.Build.0 = Debug|Any CPU
		{92050292-06AC-4798-8A70-F16F39400582}.Debug|x86.ActiveCfg = Debug|Any CPU
		{92050292-06AC-4798-8A70-F16F39400582}.Debug|x86.Build.0 = Debug|Any CPU
		{92050292-06AC-4798-8A70-F16F39400582}.Release|Any CPU.ActiveCfg = Release|Any CPU
		{92050292-06AC-4798-8A70-F16F39400582}.Release|Any CPU.Build.0 = Release|Any CPU
		{92050292-06AC-4798-8A70-F16F39400582}.Release|x64.ActiveCfg = Release|Any CPU
		{92050292-06AC-4798-8A70-F16F39400582}.Release|x64.Build.0 = Release|Any CPU
		{92050292-06AC-4798-8A70-F16F39400582}.Release|x86.ActiveCfg = Release|Any CPU
		{92050292-06AC-4798-8A70-F16F39400582}.Release|x86.Build.0 = Release|Any CPU
		{90429B12-0B16-404B-8B7F-E45719BCDC41}.Debug|Any CPU.ActiveCfg = Debug|Any CPU
		{90429B12-0B16-404B-8B7F-E45719BCDC41}.Debug|Any CPU.Build.0 = Debug|Any CPU
		{90429B12-0B16-404B-8B7F-E45719BCDC41}.Debug|x64.ActiveCfg = Debug|Any CPU
		{90429B12-0B16-404B-8B7F-E45719BCDC41}.Debug|x64.Build.0 = Debug|Any CPU
		{90429B12-0B16-404B-8B7F-E45719BCDC41}.Debug|x86.ActiveCfg = Debug|Any CPU
		{90429B12-0B16-404B-8B7F-E45719BCDC41}.Debug|x86.Build.0 = Debug|Any CPU
		{90429B12-0B16-404B-8B7F-E45719BCDC41}.Release|Any CPU.ActiveCfg = Release|Any CPU
		{90429B12-0B16-404B-8B7F-E45719BCDC41}.Release|Any CPU.Build.0 = Release|Any CPU
		{90429B12-0B16-404B-8B7F-E45719BCDC41}.Release|x64.ActiveCfg = Release|Any CPU
		{90429B12-0B16-404B-8B7F-E45719BCDC41}.Release|x64.Build.0 = Release|Any CPU
		{90429B12-0B16-404B-8B7F-E45719BCDC41}.Release|x86.ActiveCfg = Release|Any CPU
		{90429B12-0B16-404B-8B7F-E45719BCDC41}.Release|x86.Build.0 = Release|Any CPU
		{B4CE6055-7E97-4FCA-B638-C556365E786E}.Debug|Any CPU.ActiveCfg = Debug|Any CPU
		{B4CE6055-7E97-4FCA-B638-C556365E786E}.Debug|Any CPU.Build.0 = Debug|Any CPU
		{B4CE6055-7E97-4FCA-B638-C556365E786E}.Debug|x64.ActiveCfg = Debug|Any CPU
		{B4CE6055-7E97-4FCA-B638-C556365E786E}.Debug|x64.Build.0 = Debug|Any CPU
		{B4CE6055-7E97-4FCA-B638-C556365E786E}.Debug|x86.ActiveCfg = Debug|Any CPU
		{B4CE6055-7E97-4FCA-B638-C556365E786E}.Debug|x86.Build.0 = Debug|Any CPU
		{B4CE6055-7E97-4FCA-B638-C556365E786E}.Release|Any CPU.ActiveCfg = Release|Any CPU
		{B4CE6055-7E97-4FCA-B638-C556365E786E}.Release|Any CPU.Build.0 = Release|Any CPU
		{B4CE6055-7E97-4FCA-B638-C556365E786E}.Release|x64.ActiveCfg = Release|Any CPU
		{B4CE6055-7E97-4FCA-B638-C556365E786E}.Release|x64.Build.0 = Release|Any CPU
		{B4CE6055-7E97-4FCA-B638-C556365E786E}.Release|x86.ActiveCfg = Release|Any CPU
		{B4CE6055-7E97-4FCA-B638-C556365E786E}.Release|x86.Build.0 = Release|Any CPU
		{93F991B5-8243-4350-8F27-9CA3EC12E7FC}.Debug|Any CPU.ActiveCfg = Debug|Any CPU
		{93F991B5-8243-4350-8F27-9CA3EC12E7FC}.Debug|Any CPU.Build.0 = Debug|Any CPU
		{93F991B5-8243-4350-8F27-9CA3EC12E7FC}.Debug|x64.ActiveCfg = Debug|Any CPU
		{93F991B5-8243-4350-8F27-9CA3EC12E7FC}.Debug|x64.Build.0 = Debug|Any CPU
		{93F991B5-8243-4350-8F27-9CA3EC12E7FC}.Debug|x86.ActiveCfg = Debug|Any CPU
		{93F991B5-8243-4350-8F27-9CA3EC12E7FC}.Debug|x86.Build.0 = Debug|Any CPU
		{93F991B5-8243-4350-8F27-9CA3EC12E7FC}.Release|Any CPU.ActiveCfg = Release|Any CPU
		{93F991B5-8243-4350-8F27-9CA3EC12E7FC}.Release|Any CPU.Build.0 = Release|Any CPU
		{93F991B5-8243-4350-8F27-9CA3EC12E7FC}.Release|x64.ActiveCfg = Release|Any CPU
		{93F991B5-8243-4350-8F27-9CA3EC12E7FC}.Release|x64.Build.0 = Release|Any CPU
		{93F991B5-8243-4350-8F27-9CA3EC12E7FC}.Release|x86.ActiveCfg = Release|Any CPU
		{93F991B5-8243-4350-8F27-9CA3EC12E7FC}.Release|x86.Build.0 = Release|Any CPU
		{6F439232-8535-4105-9396-41C9F23FFEF4}.Debug|Any CPU.ActiveCfg = Debug|Any CPU
		{6F439232-8535-4105-9396-41C9F23FFEF4}.Debug|Any CPU.Build.0 = Debug|Any CPU
		{6F439232-8535-4105-9396-41C9F23FFEF4}.Debug|x64.ActiveCfg = Debug|Any CPU
		{6F439232-8535-4105-9396-41C9F23FFEF4}.Debug|x64.Build.0 = Debug|Any CPU
		{6F439232-8535-4105-9396-41C9F23FFEF4}.Debug|x86.ActiveCfg = Debug|Any CPU
		{6F439232-8535-4105-9396-41C9F23FFEF4}.Debug|x86.Build.0 = Debug|Any CPU
		{6F439232-8535-4105-9396-41C9F23FFEF4}.Release|Any CPU.ActiveCfg = Release|Any CPU
		{6F439232-8535-4105-9396-41C9F23FFEF4}.Release|Any CPU.Build.0 = Release|Any CPU
		{6F439232-8535-4105-9396-41C9F23FFEF4}.Release|x64.ActiveCfg = Release|Any CPU
		{6F439232-8535-4105-9396-41C9F23FFEF4}.Release|x64.Build.0 = Release|Any CPU
		{6F439232-8535-4105-9396-41C9F23FFEF4}.Release|x86.ActiveCfg = Release|Any CPU
		{6F439232-8535-4105-9396-41C9F23FFEF4}.Release|x86.Build.0 = Release|Any CPU
		{51411399-1EAF-4D80-9E9D-0DEE2C0FEA7F}.Debug|Any CPU.ActiveCfg = Debug|Any CPU
		{51411399-1EAF-4D80-9E9D-0DEE2C0FEA7F}.Debug|Any CPU.Build.0 = Debug|Any CPU
		{51411399-1EAF-4D80-9E9D-0DEE2C0FEA7F}.Debug|x64.ActiveCfg = Debug|Any CPU
		{51411399-1EAF-4D80-9E9D-0DEE2C0FEA7F}.Debug|x64.Build.0 = Debug|Any CPU
		{51411399-1EAF-4D80-9E9D-0DEE2C0FEA7F}.Debug|x86.ActiveCfg = Debug|Any CPU
		{51411399-1EAF-4D80-9E9D-0DEE2C0FEA7F}.Debug|x86.Build.0 = Debug|Any CPU
		{51411399-1EAF-4D80-9E9D-0DEE2C0FEA7F}.Release|Any CPU.ActiveCfg = Release|Any CPU
		{51411399-1EAF-4D80-9E9D-0DEE2C0FEA7F}.Release|Any CPU.Build.0 = Release|Any CPU
		{51411399-1EAF-4D80-9E9D-0DEE2C0FEA7F}.Release|x64.ActiveCfg = Release|Any CPU
		{51411399-1EAF-4D80-9E9D-0DEE2C0FEA7F}.Release|x64.Build.0 = Release|Any CPU
		{51411399-1EAF-4D80-9E9D-0DEE2C0FEA7F}.Release|x86.ActiveCfg = Release|Any CPU
		{51411399-1EAF-4D80-9E9D-0DEE2C0FEA7F}.Release|x86.Build.0 = Release|Any CPU
		{0768C6FB-AD0C-4F96-B107-533AFE8380F3}.Debug|Any CPU.ActiveCfg = Debug|Any CPU
		{0768C6FB-AD0C-4F96-B107-533AFE8380F3}.Debug|Any CPU.Build.0 = Debug|Any CPU
		{0768C6FB-AD0C-4F96-B107-533AFE8380F3}.Debug|x64.ActiveCfg = Debug|Any CPU
		{0768C6FB-AD0C-4F96-B107-533AFE8380F3}.Debug|x64.Build.0 = Debug|Any CPU
		{0768C6FB-AD0C-4F96-B107-533AFE8380F3}.Debug|x86.ActiveCfg = Debug|Any CPU
		{0768C6FB-AD0C-4F96-B107-533AFE8380F3}.Debug|x86.Build.0 = Debug|Any CPU
		{0768C6FB-AD0C-4F96-B107-533AFE8380F3}.Release|Any CPU.ActiveCfg = Release|Any CPU
		{0768C6FB-AD0C-4F96-B107-533AFE8380F3}.Release|Any CPU.Build.0 = Release|Any CPU
		{0768C6FB-AD0C-4F96-B107-533AFE8380F3}.Release|x64.ActiveCfg = Release|Any CPU
		{0768C6FB-AD0C-4F96-B107-533AFE8380F3}.Release|x64.Build.0 = Release|Any CPU
		{0768C6FB-AD0C-4F96-B107-533AFE8380F3}.Release|x86.ActiveCfg = Release|Any CPU
		{0768C6FB-AD0C-4F96-B107-533AFE8380F3}.Release|x86.Build.0 = Release|Any CPU
		{DE4D4156-5E84-4D66-A92B-5224A1E28F16}.Debug|Any CPU.ActiveCfg = Debug|Any CPU
		{DE4D4156-5E84-4D66-A92B-5224A1E28F16}.Debug|Any CPU.Build.0 = Debug|Any CPU
		{DE4D4156-5E84-4D66-A92B-5224A1E28F16}.Debug|x64.ActiveCfg = Debug|Any CPU
		{DE4D4156-5E84-4D66-A92B-5224A1E28F16}.Debug|x64.Build.0 = Debug|Any CPU
		{DE4D4156-5E84-4D66-A92B-5224A1E28F16}.Debug|x86.ActiveCfg = Debug|Any CPU
		{DE4D4156-5E84-4D66-A92B-5224A1E28F16}.Debug|x86.Build.0 = Debug|Any CPU
		{DE4D4156-5E84-4D66-A92B-5224A1E28F16}.Release|Any CPU.ActiveCfg = Release|Any CPU
		{DE4D4156-5E84-4D66-A92B-5224A1E28F16}.Release|Any CPU.Build.0 = Release|Any CPU
		{DE4D4156-5E84-4D66-A92B-5224A1E28F16}.Release|x64.ActiveCfg = Release|Any CPU
		{DE4D4156-5E84-4D66-A92B-5224A1E28F16}.Release|x64.Build.0 = Release|Any CPU
		{DE4D4156-5E84-4D66-A92B-5224A1E28F16}.Release|x86.ActiveCfg = Release|Any CPU
		{DE4D4156-5E84-4D66-A92B-5224A1E28F16}.Release|x86.Build.0 = Release|Any CPU
		{AAA9B5D9-6332-4A8B-AB17-9150807EC284}.Debug|Any CPU.ActiveCfg = Debug|Any CPU
		{AAA9B5D9-6332-4A8B-AB17-9150807EC284}.Debug|Any CPU.Build.0 = Debug|Any CPU
		{AAA9B5D9-6332-4A8B-AB17-9150807EC284}.Debug|x64.ActiveCfg = Debug|Any CPU
		{AAA9B5D9-6332-4A8B-AB17-9150807EC284}.Debug|x64.Build.0 = Debug|Any CPU
		{AAA9B5D9-6332-4A8B-AB17-9150807EC284}.Debug|x86.ActiveCfg = Debug|Any CPU
		{AAA9B5D9-6332-4A8B-AB17-9150807EC284}.Debug|x86.Build.0 = Debug|Any CPU
		{AAA9B5D9-6332-4A8B-AB17-9150807EC284}.Release|Any CPU.ActiveCfg = Release|Any CPU
		{AAA9B5D9-6332-4A8B-AB17-9150807EC284}.Release|Any CPU.Build.0 = Release|Any CPU
		{AAA9B5D9-6332-4A8B-AB17-9150807EC284}.Release|x64.ActiveCfg = Release|Any CPU
		{AAA9B5D9-6332-4A8B-AB17-9150807EC284}.Release|x64.Build.0 = Release|Any CPU
		{AAA9B5D9-6332-4A8B-AB17-9150807EC284}.Release|x86.ActiveCfg = Release|Any CPU
		{AAA9B5D9-6332-4A8B-AB17-9150807EC284}.Release|x86.Build.0 = Release|Any CPU
		{30793326-00F1-441D-9C4D-14AB72023744}.Debug|Any CPU.ActiveCfg = Debug|Any CPU
		{30793326-00F1-441D-9C4D-14AB72023744}.Debug|Any CPU.Build.0 = Debug|Any CPU
		{30793326-00F1-441D-9C4D-14AB72023744}.Debug|x64.ActiveCfg = Debug|Any CPU
		{30793326-00F1-441D-9C4D-14AB72023744}.Debug|x64.Build.0 = Debug|Any CPU
		{30793326-00F1-441D-9C4D-14AB72023744}.Debug|x86.ActiveCfg = Debug|Any CPU
		{30793326-00F1-441D-9C4D-14AB72023744}.Debug|x86.Build.0 = Debug|Any CPU
		{30793326-00F1-441D-9C4D-14AB72023744}.Release|Any CPU.ActiveCfg = Release|Any CPU
		{30793326-00F1-441D-9C4D-14AB72023744}.Release|Any CPU.Build.0 = Release|Any CPU
		{30793326-00F1-441D-9C4D-14AB72023744}.Release|x64.ActiveCfg = Release|Any CPU
		{30793326-00F1-441D-9C4D-14AB72023744}.Release|x64.Build.0 = Release|Any CPU
		{30793326-00F1-441D-9C4D-14AB72023744}.Release|x86.ActiveCfg = Release|Any CPU
		{30793326-00F1-441D-9C4D-14AB72023744}.Release|x86.Build.0 = Release|Any CPU
		{EAC72D77-8D50-4E4D-90FF-BE2C8BED5FD6}.Debug|Any CPU.ActiveCfg = Debug|Any CPU
		{EAC72D77-8D50-4E4D-90FF-BE2C8BED5FD6}.Debug|Any CPU.Build.0 = Debug|Any CPU
		{EAC72D77-8D50-4E4D-90FF-BE2C8BED5FD6}.Debug|x64.ActiveCfg = Debug|Any CPU
		{EAC72D77-8D50-4E4D-90FF-BE2C8BED5FD6}.Debug|x64.Build.0 = Debug|Any CPU
		{EAC72D77-8D50-4E4D-90FF-BE2C8BED5FD6}.Debug|x86.ActiveCfg = Debug|Any CPU
		{EAC72D77-8D50-4E4D-90FF-BE2C8BED5FD6}.Debug|x86.Build.0 = Debug|Any CPU
		{EAC72D77-8D50-4E4D-90FF-BE2C8BED5FD6}.Release|Any CPU.ActiveCfg = Release|Any CPU
		{EAC72D77-8D50-4E4D-90FF-BE2C8BED5FD6}.Release|Any CPU.Build.0 = Release|Any CPU
		{EAC72D77-8D50-4E4D-90FF-BE2C8BED5FD6}.Release|x64.ActiveCfg = Release|Any CPU
		{EAC72D77-8D50-4E4D-90FF-BE2C8BED5FD6}.Release|x64.Build.0 = Release|Any CPU
		{EAC72D77-8D50-4E4D-90FF-BE2C8BED5FD6}.Release|x86.ActiveCfg = Release|Any CPU
		{EAC72D77-8D50-4E4D-90FF-BE2C8BED5FD6}.Release|x86.Build.0 = Release|Any CPU
	EndGlobalSection
	GlobalSection(SolutionProperties) = preSolution
		HideSolutionNode = FALSE
	EndGlobalSection
	GlobalSection(NestedProjects) = preSolution
		{D7525A36-591C-40ED-BD47-03E3F4941A15} = {827E0CD3-B72D-47B6-A68D-7590B98EB39B}
		{DD803B62-B349-4441-8C20-F1BB864BB1C8} = {827E0CD3-B72D-47B6-A68D-7590B98EB39B}
		{0F0B1F49-C211-4225-B00F-009802C58985} = {827E0CD3-B72D-47B6-A68D-7590B98EB39B}
		{9972AF40-8FEE-442F-B6D9-F37FFDA12D86} = {827E0CD3-B72D-47B6-A68D-7590B98EB39B}
		{B2F2CCC2-F4E8-42D9-8E92-E66A95956CDC} = {827E0CD3-B72D-47B6-A68D-7590B98EB39B}
		{27A0BE82-39AF-4E2D-BFD9-AE652F392878} = {827E0CD3-B72D-47B6-A68D-7590B98EB39B}
		{34980985-962A-41CE-836A-FC66DDE33D72} = {827E0CD3-B72D-47B6-A68D-7590B98EB39B}
		{92050292-06AC-4798-8A70-F16F39400582} = {827E0CD3-B72D-47B6-A68D-7590B98EB39B}
		{90429B12-0B16-404B-8B7F-E45719BCDC41} = {827E0CD3-B72D-47B6-A68D-7590B98EB39B}
		{B4CE6055-7E97-4FCA-B638-C556365E786E} = {0AB3BF05-4346-4AA6-1389-037BE0695223}
		{93F991B5-8243-4350-8F27-9CA3EC12E7FC} = {0AB3BF05-4346-4AA6-1389-037BE0695223}
		{6F439232-8535-4105-9396-41C9F23FFEF4} = {0AB3BF05-4346-4AA6-1389-037BE0695223}
		{51411399-1EAF-4D80-9E9D-0DEE2C0FEA7F} = {0AB3BF05-4346-4AA6-1389-037BE0695223}
		{0768C6FB-AD0C-4F96-B107-533AFE8380F3} = {0AB3BF05-4346-4AA6-1389-037BE0695223}
		{DE4D4156-5E84-4D66-A92B-5224A1E28F16} = {0AB3BF05-4346-4AA6-1389-037BE0695223}
		{AAA9B5D9-6332-4A8B-AB17-9150807EC284} = {0AB3BF05-4346-4AA6-1389-037BE0695223}
		{30793326-00F1-441D-9C4D-14AB72023744} = {0AB3BF05-4346-4AA6-1389-037BE0695223}
		{EAC72D77-8D50-4E4D-90FF-BE2C8BED5FD6} = {0AB3BF05-4346-4AA6-1389-037BE0695223}
	EndGlobalSection
EndGlobal
